
Microsoft Visual Studio Solution File, Format Version 12.00
# Visual Studio Version 16
VisualStudioVersion = 16.0.28729.10
MinimumVisualStudioVersion = 10.0.40219.1
Project("{9A19103F-16F7-4668-BE54-9A1E7A4F7556}") = "AppEjemplo", "AppEjemplo\AppEjemplo.csproj", "{24D587B4-8AEA-40CD-97F6-4E91F6B9F8FE}"
EndProject
Project("{FAE04EC0-301F-11D3-BF4B-00C04F79EFBC}") = "AppEjemploTest", "AppEjemploTest\AppEjemploTest.csproj", "{E80CCEC8-F3E0-4CD7-B16B-C5817284BA17}"
EndProject
Global
	GlobalSection(SolutionConfigurationPlatforms) = preSolution
		Debug|Any CPU = Debug|Any CPU
		Release|Any CPU = Release|Any CPU
	EndGlobalSection
	GlobalSection(ProjectConfigurationPlatforms) = postSolution
		{24D587B4-8AEA-40CD-97F6-4E91F6B9F8FE}.Debug|Any CPU.ActiveCfg = Debug|Any CPU
		{24D587B4-8AEA-40CD-97F6-4E91F6B9F8FE}.Debug|Any CPU.Build.0 = Debug|Any CPU
		{24D587B4-8AEA-40CD-97F6-4E91F6B9F8FE}.Release|Any CPU.ActiveCfg = Release|Any CPU
		{24D587B4-8AEA-40CD-97F6-4E91F6B9F8FE}.Release|Any CPU.Build.0 = Release|Any CPU
		{E80CCEC8-F3E0-4CD7-B16B-C5817284BA17}.Debug|Any CPU.ActiveCfg = Debug|Any CPU
		{E80CCEC8-F3E0-4CD7-B16B-C5817284BA17}.Debug|Any CPU.Build.0 = Debug|Any CPU
		{E80CCEC8-F3E0-4CD7-B16B-C5817284BA17}.Release|Any CPU.ActiveCfg = Release|Any CPU
		{E80CCEC8-F3E0-4CD7-B16B-C5817284BA17}.Release|Any CPU.Build.0 = Release|Any CPU
	EndGlobalSection
	GlobalSection(SolutionProperties) = preSolution
		HideSolutionNode = FALSE
	EndGlobalSection
	GlobalSection(ExtensibilityGlobals) = postSolution
		SolutionGuid = {6374F4FC-545B-4C2E-9F6A-031B9058B206}
	EndGlobalSection
EndGlobal
